// !$*UTF8*$!
{
	archiveVersion = 1;
	classes = {
	};
	objectVersion = 56;
	objects = {

/* Begin PBXBuildFile section */
		642B27BE2B1AC968006390A6 /* OpenAI in Frameworks */ = {isa = PBXBuildFile; productRef = 642B27BD2B1AC968006390A6 /* OpenAI */; };
		642B27C02B1AF4E8006390A6 /* KnowledgeBaseView.swift in Sources */ = {isa = PBXBuildFile; fileRef = 642B27BF2B1AF4E7006390A6 /* KnowledgeBaseView.swift */; };
		64CB4F302B1A4454004F2602 /* ForestryApp.swift in Sources */ = {isa = PBXBuildFile; fileRef = 64CB4F2F2B1A4454004F2602 /* ForestryApp.swift */; };
		64CB4F322B1A4454004F2602 /* ContentView.swift in Sources */ = {isa = PBXBuildFile; fileRef = 64CB4F312B1A4454004F2602 /* ContentView.swift */; };
		64CB4F342B1A4457004F2602 /* Assets.xcassets in Resources */ = {isa = PBXBuildFile; fileRef = 64CB4F332B1A4457004F2602 /* Assets.xcassets */; };
		64CB4F372B1A4457004F2602 /* Preview Assets.xcassets in Resources */ = {isa = PBXBuildFile; fileRef = 64CB4F362B1A4457004F2602 /* Preview Assets.xcassets */; };
		64CB4F452B1A47B1004F2602 /* SidebarEntry.swift in Sources */ = {isa = PBXBuildFile; fileRef = 64CB4F442B1A47B1004F2602 /* SidebarEntry.swift */; };
		64CB4F472B1A5694004F2602 /* DashboardView.swift in Sources */ = {isa = PBXBuildFile; fileRef = 64CB4F462B1A5694004F2602 /* DashboardView.swift */; };
		64CB4F492B1A56EF004F2602 /* ViewModel.swift in Sources */ = {isa = PBXBuildFile; fileRef = 64CB4F482B1A56EF004F2602 /* ViewModel.swift */; };
		64CB4F4B2B1A5942004F2602 /* SettingsView.swift in Sources */ = {isa = PBXBuildFile; fileRef = 64CB4F4A2B1A5942004F2602 /* SettingsView.swift */; };
		64CB4F4D2B1A5D4F004F2602 /* WorkforceView.swift in Sources */ = {isa = PBXBuildFile; fileRef = 64CB4F4C2B1A5D4F004F2602 /* WorkforceView.swift */; };
		64CB4F4F2B1A5EA0004F2602 /* Published+Coding.swift in Sources */ = {isa = PBXBuildFile; fileRef = 64CB4F4E2B1A5EA0004F2602 /* Published+Coding.swift */; };
		64CB4F512B1A5F46004F2602 /* IncidentLogView.swift in Sources */ = {isa = PBXBuildFile; fileRef = 64CB4F502B1A5F46004F2602 /* IncidentLogView.swift */; };
		64CB4F532B1A6232004F2602 /* TeamSettingsView.swift in Sources */ = {isa = PBXBuildFile; fileRef = 64CB4F522B1A6231004F2602 /* TeamSettingsView.swift */; };
		64CB4F552B1A70C1004F2602 /* SetupSettingsView.swift in Sources */ = {isa = PBXBuildFile; fileRef = 64CB4F542B1A70C1004F2602 /* SetupSettingsView.swift */; };
		64CB4F572B1A7B76004F2602 /* InventoryView.swift in Sources */ = {isa = PBXBuildFile; fileRef = 64CB4F562B1A7B76004F2602 /* InventoryView.swift */; };
		64CB4F612B1A8CAB004F2602 /* TreeStyleClassifier.mlmodel in Sources */ = {isa = PBXBuildFile; fileRef = 64CB4F602B1A8CAB004F2602 /* TreeStyleClassifier.mlmodel */; settings = {ATTRIBUTES = (codegen, ); }; };
		64CB4F632B1A9A25004F2602 /* IncidentReportSheet.swift in Sources */ = {isa = PBXBuildFile; fileRef = 64CB4F622B1A9A25004F2602 /* IncidentReportSheet.swift */; };
		64CB4F652B1ABFD5004F2602 /* SuppliersView.swift in Sources */ = {isa = PBXBuildFile; fileRef = 64CB4F642B1ABFD5004F2602 /* SuppliersView.swift */; };
/* End PBXBuildFile section */

/* Begin PBXFileReference section */
		642B27BF2B1AF4E7006390A6 /* KnowledgeBaseView.swift */ = {isa = PBXFileReference; lastKnownFileType = sourcecode.swift; name = KnowledgeBaseView.swift; path = ../../../../../Applications/KnowledgeBaseView.swift; sourceTree = "<group>"; };
		64CB4F2C2B1A4454004F2602 /* Forestry.app */ = {isa = PBXFileReference; explicitFileType = wrapper.application; includeInIndex = 0; path = Forestry.app; sourceTree = BUILT_PRODUCTS_DIR; };
		64CB4F2F2B1A4454004F2602 /* ForestryApp.swift */ = {isa = PBXFileReference; lastKnownFileType = sourcecode.swift; path = ForestryApp.swift; sourceTree = "<group>"; };
		64CB4F312B1A4454004F2602 /* ContentView.swift */ = {isa = PBXFileReference; lastKnownFileType = sourcecode.swift; path = ContentView.swift; sourceTree = "<group>"; };
		64CB4F332B1A4457004F2602 /* Assets.xcassets */ = {isa = PBXFileReference; lastKnownFileType = folder.assetcatalog; path = Assets.xcassets; sourceTree = "<group>"; };
		64CB4F362B1A4457004F2602 /* Preview Assets.xcassets */ = {isa = PBXFileReference; lastKnownFileType = folder.assetcatalog; path = "Preview Assets.xcassets"; sourceTree = "<group>"; };
		64CB4F3D2B1A4457004F2602 /* Forestry.entitlements */ = {isa = PBXFileReference; lastKnownFileType = text.plist.entitlements; path = Forestry.entitlements; sourceTree = "<group>"; };
		64CB4F442B1A47B1004F2602 /* SidebarEntry.swift */ = {isa = PBXFileReference; lastKnownFileType = sourcecode.swift; path = SidebarEntry.swift; sourceTree = "<group>"; };
		64CB4F462B1A5694004F2602 /* DashboardView.swift */ = {isa = PBXFileReference; lastKnownFileType = sourcecode.swift; path = DashboardView.swift; sourceTree = "<group>"; };
		64CB4F482B1A56EF004F2602 /* ViewModel.swift */ = {isa = PBXFileReference; lastKnownFileType = sourcecode.swift; path = ViewModel.swift; sourceTree = "<group>"; };
		64CB4F4A2B1A5942004F2602 /* SettingsView.swift */ = {isa = PBXFileReference; lastKnownFileType = sourcecode.swift; path = SettingsView.swift; sourceTree = "<group>"; };
		64CB4F4C2B1A5D4F004F2602 /* WorkforceView.swift */ = {isa = PBXFileReference; lastKnownFileType = sourcecode.swift; path = WorkforceView.swift; sourceTree = "<group>"; };
		64CB4F4E2B1A5EA0004F2602 /* Published+Coding.swift */ = {isa = PBXFileReference; lastKnownFileType = sourcecode.swift; path = "Published+Coding.swift"; sourceTree = "<group>"; };
		64CB4F502B1A5F46004F2602 /* IncidentLogView.swift */ = {isa = PBXFileReference; lastKnownFileType = sourcecode.swift; path = IncidentLogView.swift; sourceTree = "<group>"; };
		64CB4F522B1A6231004F2602 /* TeamSettingsView.swift */ = {isa = PBXFileReference; lastKnownFileType = sourcecode.swift; path = TeamSettingsView.swift; sourceTree = "<group>"; };
		64CB4F542B1A70C1004F2602 /* SetupSettingsView.swift */ = {isa = PBXFileReference; lastKnownFileType = sourcecode.swift; path = SetupSettingsView.swift; sourceTree = "<group>"; };
		64CB4F562B1A7B76004F2602 /* InventoryView.swift */ = {isa = PBXFileReference; lastKnownFileType = sourcecode.swift; path = InventoryView.swift; sourceTree = "<group>"; };
		64CB4F602B1A8CAB004F2602 /* TreeStyleClassifier.mlmodel */ = {isa = PBXFileReference; lastKnownFileType = file.mlmodel; path = TreeStyleClassifier.mlmodel; sourceTree = "<group>"; };
		64CB4F622B1A9A25004F2602 /* IncidentReportSheet.swift */ = {isa = PBXFileReference; lastKnownFileType = sourcecode.swift; path = IncidentReportSheet.swift; sourceTree = "<group>"; };
		64CB4F642B1ABFD5004F2602 /* SuppliersView.swift */ = {isa = PBXFileReference; lastKnownFileType = sourcecode.swift; path = SuppliersView.swift; sourceTree = "<group>"; };
/* End PBXFileReference section */

/* Begin PBXFrameworksBuildPhase section */
		64CB4F292B1A4454004F2602 /* Frameworks */ = {
			isa = PBXFrameworksBuildPhase;
			buildActionMask = 2147483647;
			files = (
				642B27BE2B1AC968006390A6 /* OpenAI in Frameworks */,
			);
			runOnlyForDeploymentPostprocessing = 0;
		};
/* End PBXFrameworksBuildPhase section */

/* Begin PBXGroup section */
		64CB4F232B1A4454004F2602 = {
			isa = PBXGroup;
			children = (
				64CB4F2E2B1A4454004F2602 /* Forestry */,
				64CB4F2D2B1A4454004F2602 /* Products */,
			);
			sourceTree = "<group>";
		};
		64CB4F2D2B1A4454004F2602 /* Products */ = {
			isa = PBXGroup;
			children = (
				64CB4F2C2B1A4454004F2602 /* Forestry.app */,
			);
			name = Products;
			sourceTree = "<group>";
		};
		64CB4F2E2B1A4454004F2602 /* Forestry */ = {
			isa = PBXGroup;
			children = (
				64CB4F5F2B1A8C9F004F2602 /* Models */,
				64CB4F432B1A47A0004F2602 /* Sidebar */,
				64CB4F2F2B1A4454004F2602 /* ForestryApp.swift */,
				64CB4F312B1A4454004F2602 /* ContentView.swift */,
				64CB4F462B1A5694004F2602 /* DashboardView.swift */,
				64CB4F482B1A56EF004F2602 /* ViewModel.swift */,
				64CB4F4A2B1A5942004F2602 /* SettingsView.swift */,
				64CB4F522B1A6231004F2602 /* TeamSettingsView.swift */,
				64CB4F542B1A70C1004F2602 /* SetupSettingsView.swift */,
				64CB4F4C2B1A5D4F004F2602 /* WorkforceView.swift */,
				64CB4F642B1ABFD5004F2602 /* SuppliersView.swift */,
				64CB4F562B1A7B76004F2602 /* InventoryView.swift */,
				642B27BF2B1AF4E7006390A6 /* KnowledgeBaseView.swift */,
				64CB4F622B1A9A25004F2602 /* IncidentReportSheet.swift */,
				64CB4F502B1A5F46004F2602 /* IncidentLogView.swift */,
				64CB4F332B1A4457004F2602 /* Assets.xcassets */,
				64CB4F3D2B1A4457004F2602 /* Forestry.entitlements */,
				64CB4F352B1A4457004F2602 /* Preview Content */,
				64CB4F4E2B1A5EA0004F2602 /* Published+Coding.swift */,
			);
			path = Forestry;
			sourceTree = "<group>";
		};
		64CB4F352B1A4457004F2602 /* Preview Content */ = {
			isa = PBXGroup;
			children = (
				64CB4F362B1A4457004F2602 /* Preview Assets.xcassets */,
			);
			path = "Preview Content";
			sourceTree = "<group>";
		};
		64CB4F432B1A47A0004F2602 /* Sidebar */ = {
			isa = PBXGroup;
			children = (
				64CB4F442B1A47B1004F2602 /* SidebarEntry.swift */,
			);
			path = Sidebar;
			sourceTree = "<group>";
		};
		64CB4F5F2B1A8C9F004F2602 /* Models */ = {
			isa = PBXGroup;
			children = (
				64CB4F602B1A8CAB004F2602 /* TreeStyleClassifier.mlmodel */,
			);
			path = Models;
			sourceTree = "<group>";
		};
/* End PBXGroup section */

/* Begin PBXNativeTarget section */
		64CB4F2B2B1A4454004F2602 /* Forestry */ = {
			isa = PBXNativeTarget;
			buildConfigurationList = 64CB4F402B1A4457004F2602 /* Build configuration list for PBXNativeTarget "Forestry" */;
			buildPhases = (
				64CB4F282B1A4454004F2602 /* Sources */,
				64CB4F292B1A4454004F2602 /* Frameworks */,
				64CB4F2A2B1A4454004F2602 /* Resources */,
			);
			buildRules = (
			);
			dependencies = (
			);
			name = Forestry;
			packageProductDependencies = (
				642B27BD2B1AC968006390A6 /* OpenAI */,
			);
			productName = Forestry;
			productReference = 64CB4F2C2B1A4454004F2602 /* Forestry.app */;
			productType = "com.apple.product-type.application";
		};
/* End PBXNativeTarget section */

/* Begin PBXProject section */
		64CB4F242B1A4454004F2602 /* Project object */ = {
			isa = PBXProject;
			attributes = {
				BuildIndependentTargetsInParallel = 1;
				LastSwiftUpdateCheck = 1500;
				LastUpgradeCheck = 1500;
				TargetAttributes = {
					64CB4F2B2B1A4454004F2602 = {
						CreatedOnToolsVersion = 15.0;
					};
				};
			};
			buildConfigurationList = 64CB4F272B1A4454004F2602 /* Build configuration list for PBXProject "Forestry" */;
			compatibilityVersion = "Xcode 14.0";
			developmentRegion = en;
			hasScannedForEncodings = 0;
			knownRegions = (
				en,
				Base,
			);
			mainGroup = 64CB4F232B1A4454004F2602;
			packageReferences = (
				642B27BC2B1AC968006390A6 /* XCRemoteSwiftPackageReference "OpenAI" */,
			);
			productRefGroup = 64CB4F2D2B1A4454004F2602 /* Products */;
			projectDirPath = "";
			projectRoot = "";
			targets = (
				64CB4F2B2B1A4454004F2602 /* Forestry */,
			);
		};
/* End PBXProject section */

/* Begin PBXResourcesBuildPhase section */
		64CB4F2A2B1A4454004F2602 /* Resources */ = {
			isa = PBXResourcesBuildPhase;
			buildActionMask = 2147483647;
			files = (
				64CB4F372B1A4457004F2602 /* Preview Assets.xcassets in Resources */,
				64CB4F342B1A4457004F2602 /* Assets.xcassets in Resources */,
			);
			runOnlyForDeploymentPostprocessing = 0;
		};
/* End PBXResourcesBuildPhase section */

/* Begin PBXSourcesBuildPhase section */
		64CB4F282B1A4454004F2602 /* Sources */ = {
			isa = PBXSourcesBuildPhase;
			buildActionMask = 2147483647;
			files = (
				64CB4F532B1A6232004F2602 /* TeamSettingsView.swift in Sources */,
				64CB4F4F2B1A5EA0004F2602 /* Published+Coding.swift in Sources */,
				64CB4F4D2B1A5D4F004F2602 /* WorkforceView.swift in Sources */,
				64CB4F632B1A9A25004F2602 /* IncidentReportSheet.swift in Sources */,
				64CB4F572B1A7B76004F2602 /* InventoryView.swift in Sources */,
				64CB4F492B1A56EF004F2602 /* ViewModel.swift in Sources */,
				64CB4F452B1A47B1004F2602 /* SidebarEntry.swift in Sources */,
				64CB4F472B1A5694004F2602 /* DashboardView.swift in Sources */,
				642B27C02B1AF4E8006390A6 /* KnowledgeBaseView.swift in Sources */,
				64CB4F512B1A5F46004F2602 /* IncidentLogView.swift in Sources */,
				64CB4F4B2B1A5942004F2602 /* SettingsView.swift in Sources */,
				64CB4F652B1ABFD5004F2602 /* SuppliersView.swift in Sources */,
				64CB4F552B1A70C1004F2602 /* SetupSettingsView.swift in Sources */,
				64CB4F612B1A8CAB004F2602 /* TreeStyleClassifier.mlmodel in Sources */,
				64CB4F322B1A4454004F2602 /* ContentView.swift in Sources */,
				64CB4F302B1A4454004F2602 /* ForestryApp.swift in Sources */,
			);
			runOnlyForDeploymentPostprocessing = 0;
		};
/* End PBXSourcesBuildPhase section */

/* Begin XCBuildConfiguration section */
		64CB4F3E2B1A4457004F2602 /* Debug */ = {
			isa = XCBuildConfiguration;
			buildSettings = {
				ALWAYS_SEARCH_USER_PATHS = NO;
				ASSETCATALOG_COMPILER_GENERATE_SWIFT_ASSET_SYMBOL_EXTENSIONS = YES;
				CLANG_ANALYZER_NONNULL = YES;
				CLANG_ANALYZER_NUMBER_OBJECT_CONVERSION = YES_AGGRESSIVE;
				CLANG_CXX_LANGUAGE_STANDARD = "gnu++20";
				CLANG_ENABLE_MODULES = YES;
				CLANG_ENABLE_OBJC_ARC = YES;
				CLANG_ENABLE_OBJC_WEAK = YES;
				CLANG_WARN_BLOCK_CAPTURE_AUTORELEASING = YES;
				CLANG_WARN_BOOL_CONVERSION = YES;
				CLANG_WARN_COMMA = YES;
				CLANG_WARN_CONSTANT_CONVERSION = YES;
				CLANG_WARN_DEPRECATED_OBJC_IMPLEMENTATIONS = YES;
				CLANG_WARN_DIRECT_OBJC_ISA_USAGE = YES_ERROR;
				CLANG_WARN_DOCUMENTATION_COMMENTS = YES;
				CLANG_WARN_EMPTY_BODY = YES;
				CLANG_WARN_ENUM_CONVERSION = YES;
				CLANG_WARN_INFINITE_RECURSION = YES;
				CLANG_WARN_INT_CONVERSION = YES;
				CLANG_WARN_NON_LITERAL_NULL_CONVERSION = YES;
				CLANG_WARN_OBJC_IMPLICIT_RETAIN_SELF = YES;
				CLANG_WARN_OBJC_LITERAL_CONVERSION = YES;
				CLANG_WARN_OBJC_ROOT_CLASS = YES_ERROR;
				CLANG_WARN_QUOTED_INCLUDE_IN_FRAMEWORK_HEADER = YES;
				CLANG_WARN_RANGE_LOOP_ANALYSIS = YES;
				CLANG_WARN_STRICT_PROTOTYPES = YES;
				CLANG_WARN_SUSPICIOUS_MOVE = YES;
				CLANG_WARN_UNGUARDED_AVAILABILITY = YES_AGGRESSIVE;
				CLANG_WARN_UNREACHABLE_CODE = YES;
				CLANG_WARN__DUPLICATE_METHOD_MATCH = YES;
				COPY_PHASE_STRIP = NO;
				DEBUG_INFORMATION_FORMAT = dwarf;
				ENABLE_STRICT_OBJC_MSGSEND = YES;
				ENABLE_TESTABILITY = YES;
				ENABLE_USER_SCRIPT_SANDBOXING = YES;
				GCC_C_LANGUAGE_STANDARD = gnu17;
				GCC_DYNAMIC_NO_PIC = NO;
				GCC_NO_COMMON_BLOCKS = YES;
				GCC_OPTIMIZATION_LEVEL = 0;
				GCC_PREPROCESSOR_DEFINITIONS = (
					"DEBUG=1",
					"$(inherited)",
				);
				GCC_WARN_64_TO_32_BIT_CONVERSION = YES;
				GCC_WARN_ABOUT_RETURN_TYPE = YES_ERROR;
				GCC_WARN_UNDECLARED_SELECTOR = YES;
				GCC_WARN_UNINITIALIZED_AUTOS = YES_AGGRESSIVE;
				GCC_WARN_UNUSED_FUNCTION = YES;
				GCC_WARN_UNUSED_VARIABLE = YES;
				LOCALIZATION_PREFERS_STRING_CATALOGS = YES;
				MACOSX_DEPLOYMENT_TARGET = 13.4;
				MTL_ENABLE_DEBUG_INFO = INCLUDE_SOURCE;
				MTL_FAST_MATH = YES;
				ONLY_ACTIVE_ARCH = YES;
				SDKROOT = macosx;
				SWIFT_ACTIVE_COMPILATION_CONDITIONS = "DEBUG $(inherited)";
				SWIFT_OPTIMIZATION_LEVEL = "-Onone";
			};
			name = Debug;
		};
		64CB4F3F2B1A4457004F2602 /* Release */ = {
			isa = XCBuildConfiguration;
			buildSettings = {
				ALWAYS_SEARCH_USER_PATHS = NO;
				ASSETCATALOG_COMPILER_GENERATE_SWIFT_ASSET_SYMBOL_EXTENSIONS = YES;
				CLANG_ANALYZER_NONNULL = YES;
				CLANG_ANALYZER_NUMBER_OBJECT_CONVERSION = YES_AGGRESSIVE;
				CLANG_CXX_LANGUAGE_STANDARD = "gnu++20";
				CLANG_ENABLE_MODULES = YES;
				CLANG_ENABLE_OBJC_ARC = YES;
				CLANG_ENABLE_OBJC_WEAK = YES;
				CLANG_WARN_BLOCK_CAPTURE_AUTORELEASING = YES;
				CLANG_WARN_BOOL_CONVERSION = YES;
				CLANG_WARN_COMMA = YES;
				CLANG_WARN_CONSTANT_CONVERSION = YES;
				CLANG_WARN_DEPRECATED_OBJC_IMPLEMENTATIONS = YES;
				CLANG_WARN_DIRECT_OBJC_ISA_USAGE = YES_ERROR;
				CLANG_WARN_DOCUMENTATION_COMMENTS = YES;
				CLANG_WARN_EMPTY_BODY = YES;
				CLANG_WARN_ENUM_CONVERSION = YES;
				CLANG_WARN_INFINITE_RECURSION = YES;
				CLANG_WARN_INT_CONVERSION = YES;
				CLANG_WARN_NON_LITERAL_NULL_CONVERSION = YES;
				CLANG_WARN_OBJC_IMPLICIT_RETAIN_SELF = YES;
				CLANG_WARN_OBJC_LITERAL_CONVERSION = YES;
				CLANG_WARN_OBJC_ROOT_CLASS = YES_ERROR;
				CLANG_WARN_QUOTED_INCLUDE_IN_FRAMEWORK_HEADER = YES;
				CLANG_WARN_RANGE_LOOP_ANALYSIS = YES;
				CLANG_WARN_STRICT_PROTOTYPES = YES;
				CLANG_WARN_SUSPICIOUS_MOVE = YES;
				CLANG_WARN_UNGUARDED_AVAILABILITY = YES_AGGRESSIVE;
				CLANG_WARN_UNREACHABLE_CODE = YES;
				CLANG_WARN__DUPLICATE_METHOD_MATCH = YES;
				COPY_PHASE_STRIP = NO;
				DEBUG_INFORMATION_FORMAT = "dwarf-with-dsym";
				ENABLE_NS_ASSERTIONS = NO;
				ENABLE_STRICT_OBJC_MSGSEND = YES;
				ENABLE_USER_SCRIPT_SANDBOXING = YES;
				GCC_C_LANGUAGE_STANDARD = gnu17;
				GCC_NO_COMMON_BLOCKS = YES;
				GCC_WARN_64_TO_32_BIT_CONVERSION = YES;
				GCC_WARN_ABOUT_RETURN_TYPE = YES_ERROR;
				GCC_WARN_UNDECLARED_SELECTOR = YES;
				GCC_WARN_UNINITIALIZED_AUTOS = YES_AGGRESSIVE;
				GCC_WARN_UNUSED_FUNCTION = YES;
				GCC_WARN_UNUSED_VARIABLE = YES;
				LOCALIZATION_PREFERS_STRING_CATALOGS = YES;
				MACOSX_DEPLOYMENT_TARGET = 13.4;
				MTL_ENABLE_DEBUG_INFO = NO;
				MTL_FAST_MATH = YES;
				SDKROOT = macosx;
				SWIFT_COMPILATION_MODE = wholemodule;
			};
			name = Release;
		};
		64CB4F412B1A4457004F2602 /* Debug */ = {
			isa = XCBuildConfiguration;
			buildSettings = {
				ASSETCATALOG_COMPILER_APPICON_NAME = AppIcon;
				ASSETCATALOG_COMPILER_GLOBAL_ACCENT_COLOR_NAME = AccentColor;
				CODE_SIGN_ENTITLEMENTS = Forestry/Forestry.entitlements;
				CODE_SIGN_STYLE = Automatic;
				COMBINE_HIDPI_IMAGES = YES;
				CURRENT_PROJECT_VERSION = 1;
				DEVELOPMENT_ASSET_PATHS = "\"Forestry/Preview Content\"";
				DEVELOPMENT_TEAM = 52FGDYD382;
				ENABLE_HARDENED_RUNTIME = YES;
				ENABLE_PREVIEWS = YES;
				GENERATE_INFOPLIST_FILE = YES;
				INFOPLIST_KEY_NSHumanReadableCopyright = "";
				LD_RUNPATH_SEARCH_PATHS = (
					"$(inherited)",
					"@executable_path/../Frameworks",
				);
				MARKETING_VERSION = 1.0;
				PRODUCT_BUNDLE_IDENTIFIER = io.github.boogiemonster1o1.Forestry;
				PRODUCT_NAME = "$(TARGET_NAME)";
				SWIFT_EMIT_LOC_STRINGS = YES;
				SWIFT_VERSION = 5.0;
			};
			name = Debug;
		};
		64CB4F422B1A4457004F2602 /* Release */ = {
			isa = XCBuildConfiguration;
			buildSettings = {
				ASSETCATALOG_COMPILER_APPICON_NAME = AppIcon;
				ASSETCATALOG_COMPILER_GLOBAL_ACCENT_COLOR_NAME = AccentColor;
				CODE_SIGN_ENTITLEMENTS = Forestry/Forestry.entitlements;
				CODE_SIGN_STYLE = Automatic;
				COMBINE_HIDPI_IMAGES = YES;
				CURRENT_PROJECT_VERSION = 1;
				DEVELOPMENT_ASSET_PATHS = "\"Forestry/Preview Content\"";
				DEVELOPMENT_TEAM = 52FGDYD382;
				ENABLE_HARDENED_RUNTIME = YES;
				ENABLE_PREVIEWS = YES;
				GENERATE_INFOPLIST_FILE = YES;
				INFOPLIST_KEY_NSHumanReadableCopyright = "";
				LD_RUNPATH_SEARCH_PATHS = (
					"$(inherited)",
					"@executable_path/../Frameworks",
				);
				MARKETING_VERSION = 1.0;
				PRODUCT_BUNDLE_IDENTIFIER = io.github.boogiemonster1o1.Forestry;
				PRODUCT_NAME = "$(TARGET_NAME)";
				SWIFT_EMIT_LOC_STRINGS = YES;
				SWIFT_VERSION = 5.0;
			};
			name = Release;
		};
/* End XCBuildConfiguration section */

/* Begin XCConfigurationList section */
		64CB4F272B1A4454004F2602 /* Build configuration list for PBXProject "Forestry" */ = {
			isa = XCConfigurationList;
			buildConfigurations = (
				64CB4F3E2B1A4457004F2602 /* Debug */,
				64CB4F3F2B1A4457004F2602 /* Release */,
			);
			defaultConfigurationIsVisible = 0;
			defaultConfigurationName = Release;
		};
		64CB4F402B1A4457004F2602 /* Build configuration list for PBXNativeTarget "Forestry" */ = {
			isa = XCConfigurationList;
			buildConfigurations = (
				64CB4F412B1A4457004F2602 /* Debug */,
				64CB4F422B1A4457004F2602 /* Release */,
			);
			defaultConfigurationIsVisible = 0;
			defaultConfigurationName = Release;
		};
/* End XCConfigurationList section */

/* Begin XCRemoteSwiftPackageReference section */
		642B27BC2B1AC968006390A6 /* XCRemoteSwiftPackageReference "OpenAI" */ = {
			isa = XCRemoteSwiftPackageReference;
			repositoryURL = "https://github.com/MacPaw/OpenAI.git";
			requirement = {
				kind = upToNextMajorVersion;
				minimumVersion = 0.2.5;
			};
		};
/* End XCRemoteSwiftPackageReference section */

/* Begin XCSwiftPackageProductDependency section */
		642B27BD2B1AC968006390A6 /* OpenAI */ = {
			isa = XCSwiftPackageProductDependency;
			package = 642B27BC2B1AC968006390A6 /* XCRemoteSwiftPackageReference "OpenAI" */;
			productName = OpenAI;
		};
/* End XCSwiftPackageProductDependency section */
	};
	rootObject = 64CB4F242B1A4454004F2602 /* Project object */;
}
